
Microsoft Visual Studio Solution File, Format Version 12.00
# Visual Studio Version 17
VisualStudioVersion = 17.2.32526.322
MinimumVisualStudioVersion = 10.0.40219.1
Project("{2150E333-8FDC-42A3-9474-1A3956D46DE8}") = "APIs", "APIs", "{666BB50B-3380-4B8E-B607-DAB9FB759051}"
EndProject
Project("{2150E333-8FDC-42A3-9474-1A3956D46DE8}") = "Testing", "Testing", "{CEBC5E89-5ED0-442F-B9EF-0F5DBE9F6015}"
EndProject
Project("{9A19103F-16F7-4668-BE54-9A1E7A4F7556}") = "NoCache", "APIs\NoCache\NoCache.csproj", "{D54AC952-CA7E-45DC-9B79-2BF4710B35DB}"
EndProject
Project("{9A19103F-16F7-4668-BE54-9A1E7A4F7556}") = "Reusables", "APIs\Reusables\Reusables.csproj", "{85B61229-D736-4A07-BB89-E79071CE0D69}"
EndProject
Project("{9A19103F-16F7-4668-BE54-9A1E7A4F7556}") = "LRUInMemoryCache", "APIs\LRUInMemoryCache\LRUInMemoryCache.csproj", "{CC3D9FA0-B9A1-4B76-BF64-5E23989BD166}"
EndProject
Project("{9A19103F-16F7-4668-BE54-9A1E7A4F7556}") = "RedisLRUCache", "APIs\RedisLRUCache\RedisLRUCache.csproj", "{85C2AA8C-EA99-4486-BA13-DBBD1E6FF006}"
EndProject
Project("{9A19103F-16F7-4668-BE54-9A1E7A4F7556}") = "Contracts", "APIs\Contracts\Contracts.csproj", "{5FD771BC-E745-45ED-B306-2D54673CF626}"
EndProject
Project("{9A19103F-16F7-4668-BE54-9A1E7A4F7556}") = "CountersMonitor", "Testing\CountersMonitor\CountersMonitor.csproj", "{BF255EC2-8F67-4344-A936-02FA17496D94}"
EndProject
Project("{9A19103F-16F7-4668-BE54-9A1E7A4F7556}") = "LoadTest", "Testing\LoadTest\LoadTest.csproj", "{4D9ED20A-5DEE-4637-A1F6-CD2155744003}"
EndProject
Project("{9A19103F-16F7-4668-BE54-9A1E7A4F7556}") = "UnitTests", "Testing\UnitTests\UnitTests.csproj", "{F6B631CA-06D1-4B7B-AB08-6C108C3A1806}"
EndProject
Global
	GlobalSection(SolutionConfigurationPlatforms) = preSolution
		Debug|Any CPU = Debug|Any CPU
		Release|Any CPU = Release|Any CPU
	EndGlobalSection
	GlobalSection(ProjectConfigurationPlatforms) = postSolution
		{D54AC952-CA7E-45DC-9B79-2BF4710B35DB}.Debug|Any CPU.ActiveCfg = Debug|Any CPU
		{D54AC952-CA7E-45DC-9B79-2BF4710B35DB}.Debug|Any CPU.Build.0 = Debug|Any CPU
		{D54AC952-CA7E-45DC-9B79-2BF4710B35DB}.Release|Any CPU.ActiveCfg = Release|Any CPU
		{D54AC952-CA7E-45DC-9B79-2BF4710B35DB}.Release|Any CPU.Build.0 = Release|Any CPU
		{85B61229-D736-4A07-BB89-E79071CE0D69}.Debug|Any CPU.ActiveCfg = Debug|Any CPU
		{85B61229-D736-4A07-BB89-E79071CE0D69}.Debug|Any CPU.Build.0 = Debug|Any CPU
		{85B61229-D736-4A07-BB89-E79071CE0D69}.Release|Any CPU.ActiveCfg = Release|Any CPU
		{85B61229-D736-4A07-BB89-E79071CE0D69}.Release|Any CPU.Build.0 = Release|Any CPU
		{CC3D9FA0-B9A1-4B76-BF64-5E23989BD166}.Debug|Any CPU.ActiveCfg = Debug|Any CPU
		{CC3D9FA0-B9A1-4B76-BF64-5E23989BD166}.Debug|Any CPU.Build.0 = Debug|Any CPU
		{CC3D9FA0-B9A1-4B76-BF64-5E23989BD166}.Release|Any CPU.ActiveCfg = Release|Any CPU
		{CC3D9FA0-B9A1-4B76-BF64-5E23989BD166}.Release|Any CPU.Build.0 = Release|Any CPU
		{85C2AA8C-EA99-4486-BA13-DBBD1E6FF006}.Debug|Any CPU.ActiveCfg = Debug|Any CPU
		{85C2AA8C-EA99-4486-BA13-DBBD1E6FF006}.Debug|Any CPU.Build.0 = Debug|Any CPU
		{85C2AA8C-EA99-4486-BA13-DBBD1E6FF006}.Release|Any CPU.ActiveCfg = Release|Any CPU
		{85C2AA8C-EA99-4486-BA13-DBBD1E6FF006}.Release|Any CPU.Build.0 = Release|Any CPU
		{5FD771BC-E745-45ED-B306-2D54673CF626}.Debug|Any CPU.ActiveCfg = Debug|Any CPU
		{5FD771BC-E745-45ED-B306-2D54673CF626}.Debug|Any CPU.Build.0 = Debug|Any CPU
		{5FD771BC-E745-45ED-B306-2D54673CF626}.Release|Any CPU.ActiveCfg = Release|Any CPU
		{5FD771BC-E745-45ED-B306-2D54673CF626}.Release|Any CPU.Build.0 = Release|Any CPU
		{BF255EC2-8F67-4344-A936-02FA17496D94}.Debug|Any CPU.ActiveCfg = Debug|Any CPU
		{BF255EC2-8F67-4344-A936-02FA17496D94}.Debug|Any CPU.Build.0 = Debug|Any CPU
		{BF255EC2-8F67-4344-A936-02FA17496D94}.Release|Any CPU.ActiveCfg = Release|Any CPU
		{BF255EC2-8F67-4344-A936-02FA17496D94}.Release|Any CPU.Build.0 = Release|Any CPU
		{4D9ED20A-5DEE-4637-A1F6-CD2155744003}.Debug|Any CPU.ActiveCfg = Debug|Any CPU
		{4D9ED20A-5DEE-4637-A1F6-CD2155744003}.Debug|Any CPU.Build.0 = Debug|Any CPU
		{4D9ED20A-5DEE-4637-A1F6-CD2155744003}.Release|Any CPU.ActiveCfg = Release|Any CPU
		{4D9ED20A-5DEE-4637-A1F6-CD2155744003}.Release|Any CPU.Build.0 = Release|Any CPU
		{F6B631CA-06D1-4B7B-AB08-6C108C3A1806}.Debug|Any CPU.ActiveCfg = Debug|Any CPU
		{F6B631CA-06D1-4B7B-AB08-6C108C3A1806}.Debug|Any CPU.Build.0 = Debug|Any CPU
		{F6B631CA-06D1-4B7B-AB08-6C108C3A1806}.Release|Any CPU.ActiveCfg = Release|Any CPU
		{F6B631CA-06D1-4B7B-AB08-6C108C3A1806}.Release|Any CPU.Build.0 = Release|Any CPU
	EndGlobalSection
	GlobalSection(SolutionProperties) = preSolution
		HideSolutionNode = FALSE
	EndGlobalSection
	GlobalSection(NestedProjects) = preSolution
		{D54AC952-CA7E-45DC-9B79-2BF4710B35DB} = {666BB50B-3380-4B8E-B607-DAB9FB759051}
		{85B61229-D736-4A07-BB89-E79071CE0D69} = {666BB50B-3380-4B8E-B607-DAB9FB759051}
		{CC3D9FA0-B9A1-4B76-BF64-5E23989BD166} = {666BB50B-3380-4B8E-B607-DAB9FB759051}
		{85C2AA8C-EA99-4486-BA13-DBBD1E6FF006} = {666BB50B-3380-4B8E-B607-DAB9FB759051}
		{5FD771BC-E745-45ED-B306-2D54673CF626} = {666BB50B-3380-4B8E-B607-DAB9FB759051}
		{BF255EC2-8F67-4344-A936-02FA17496D94} = {CEBC5E89-5ED0-442F-B9EF-0F5DBE9F6015}
		{4D9ED20A-5DEE-4637-A1F6-CD2155744003} = {CEBC5E89-5ED0-442F-B9EF-0F5DBE9F6015}
		{F6B631CA-06D1-4B7B-AB08-6C108C3A1806} = {CEBC5E89-5ED0-442F-B9EF-0F5DBE9F6015}
	EndGlobalSection
	GlobalSection(ExtensibilityGlobals) = postSolution
		SolutionGuid = {29FB3FFF-FAF4-49E6-B109-F070384B8E4C}
	EndGlobalSection
EndGlobal
